PODS:
  - Presentr (1.9)
  - TLYShyNavBar (1.1.1)

DEPENDENCIES:
  - Presentr
  - TLYShyNavBar

SPEC REPOS:
  trunk:
    - Presentr
    - TLYShyNavBar

SPEC CHECKSUMS:
  Presentr: 7078d7eb5d1661ebeaae60c9e42a1e534de1b993
  TLYShyNavBar: d200e598923fbc2bd21a5c5efdfabf4898b11da0

PODFILE CHECKSUM: 5d425d790c0c21ec338873d8f6bc7b435beea6f5

COCOAPODS: 1.10.1
